
Microsoft Visual Studio Solution File, Format Version 12.00
# Visual Studio 15
VisualStudioVersion = 15.0.27703.2026
MinimumVisualStudioVersion = 10.0.40219.1
Project("{FAE04EC0-301F-11D3-BF4B-00C04F79EFBC}") = "MarketingReport", "MarketingReport\MarketingReport.csproj", "{ED97C3D9-262B-49CA-B7AE-41096937CCE6}"
EndProject
Global
	GlobalSection(SolutionConfigurationPlatforms) = preSolution
		Debug|Any CPU = Debug|Any CPU
		Release|Any CPU = Release|Any CPU
	EndGlobalSection
	GlobalSection(ProjectConfigurationPlatforms) = postSolution
		{ED97C3D9-262B-49CA-B7AE-41096937CCE6}.Debug|Any CPU.ActiveCfg = Debug|Any CPU
		{ED97C3D9-262B-49CA-B7AE-41096937CCE6}.Debug|Any CPU.Build.0 = Debug|Any CPU
		{ED97C3D9-262B-49CA-B7AE-41096937CCE6}.Release|Any CPU.ActiveCfg = Release|Any CPU
		{ED97C3D9-262B-49CA-B7AE-41096937CCE6}.Release|Any CPU.Build.0 = Release|Any CPU
	EndGlobalSection
	GlobalSection(SolutionProperties) = preSolution
		HideSolutionNode = FALSE
	EndGlobalSection
	GlobalSection(ExtensibilityGlobals) = postSolution
		SolutionGuid = {235DCC37-C732-42FE-910A-1BCDDE4EA928}
	EndGlobalSection
EndGlobal
